{
    "name": "@wharfie/wharfie-client",
    "version": "2.2.6",
    "lockfileVersion": 3,
    "requires": true,
    "packages": {
        "": {
            "name": "@wharfie/wharfie-client",
            "version": "2.2.6",
            "license": "ISC",
            "engines": {
                "node": ">=14",
                "npm": ">=6.13"
            }
        }
    }
}
